// !$*UTF8*$!
{
	archiveVersion = 1;
	classes = {
	};
	objectVersion = 46;
	objects = {

/* Begin PBXBuildFile section */
		EB3F863D1DD6518700250FDA /* GameTest.swift in Sources */ = {isa = PBXBuildFile; fileRef = EB3F863C1DD6518700250FDA /* GameTest.swift */; };
		EB3F863F1DD6527900250FDA /* Game.swift in Sources */ = {isa = PBXBuildFile; fileRef = EB3F863E1DD6527900250FDA /* Game.swift */; };
		EB3F86411DD68F3E00250FDA /* ViewControllerUnitTests.swift in Sources */ = {isa = PBXBuildFile; fileRef = EB3F86401DD68F3E00250FDA /* ViewControllerUnitTests.swift */; };
		EBA1C61D1DD61A8B003CE27A /* AppDelegate.swift in Sources */ = {isa = PBXBuildFile; fileRef = EBA1C61C1DD61A8B003CE27A /* AppDelegate.swift */; };
		EBA1C61F1DD61A8B003CE27A /* ViewController.swift in Sources */ = {isa = PBXBuildFile; fileRef = EBA1C61E1DD61A8B003CE27A /* ViewController.swift */; };
		EBA1C6221DD61A8B003CE27A /* Main.storyboard in Resources */ = {isa = PBXBuildFile; fileRef = EBA1C6201DD61A8B003CE27A /* Main.storyboard */; };
		EBA1C6241DD61A8B003CE27A /* Assets.xcassets in Resources */ = {isa = PBXBuildFile; fileRef = EBA1C6231DD61A8B003CE27A /* Assets.xcassets */; };
		EBA1C6271DD61A8B003CE27A /* LaunchScreen.storyboard in Resources */ = {isa = PBXBuildFile; fileRef = EBA1C6251DD61A8B003CE27A /* LaunchScreen.storyboard */; };
		EBA1C64B1DD61BDE003CE27A /* FizzBuzzTest.swift in Sources */ = {isa = PBXBuildFile; fileRef = EBA1C64A1DD61BDE003CE27A /* FizzBuzzTest.swift */; };
		EBA1C64D1DD61E2F003CE27A /* FizzBuzz.swift in Sources */ = {isa = PBXBuildFile; fileRef = EBA1C64C1DD61E2F003CE27A /* FizzBuzz.swift */; };
/* End PBXBuildFile section */

/* Begin PBXContainerItemProxy section */
		EBA1C62E1DD61A8B003CE27A /* PBXContainerItemProxy */ = {
			isa = PBXContainerItemProxy;
			containerPortal = EBA1C6111DD61A8B003CE27A /* Project object */;
			proxyType = 1;
			remoteGlobalIDString = EBA1C6181DD61A8B003CE27A;
			remoteInfo = FizzBuzzTested;
		};
		EBA1C6391DD61A8B003CE27A /* PBXContainerItemProxy */ = {
			isa = PBXContainerItemProxy;
			containerPortal = EBA1C6111DD61A8B003CE27A /* Project object */;
			proxyType = 1;
			remoteGlobalIDString = EBA1C6181DD61A8B003CE27A;
			remoteInfo = FizzBuzzTested;
		};
/* End PBXContainerItemProxy section */

/* Begin PBXFileReference section */
		EB3F863C1DD6518700250FDA /* GameTest.swift */ = {isa = PBXFileReference; fileEncoding = 4; lastKnownFileType = sourcecode.swift; path = GameTest.swift; sourceTree = "<group>"; };
		EB3F863E1DD6527900250FDA /* Game.swift */ = {isa = PBXFileReference; fileEncoding = 4; lastKnownFileType = sourcecode.swift; path = Game.swift; sourceTree = "<group>"; };
		EB3F86401DD68F3E00250FDA /* ViewControllerUnitTests.swift */ = {isa = PBXFileReference; fileEncoding = 4; lastKnownFileType = sourcecode.swift; name = ViewControllerUnitTests.swift; path = ../FizzBuzzTestedTests/ViewControllerUnitTests.swift; sourceTree = "<group>"; };
		EBA1C6191DD61A8B003CE27A /* FizzBuzzTested.app */ = {isa = PBXFileReference; explicitFileType = wrapper.application; includeInIndex = 0; path = FizzBuzzTested.app; sourceTree = BUILT_PRODUCTS_DIR; };
		EBA1C61C1DD61A8B003CE27A /* AppDelegate.swift */ = {isa = PBXFileReference; lastKnownFileType = sourcecode.swift; path = AppDelegate.swift; sourceTree = "<group>"; };
		EBA1C61E1DD61A8B003CE27A /* ViewController.swift */ = {isa = PBXFileReference; lastKnownFileType = sourcecode.swift; path = ViewController.swift; sourceTree = "<group>"; };
		EBA1C6211DD61A8B003CE27A /* Base */ = {isa = PBXFileReference; lastKnownFileType = file.storyboard; name = Base; path = Base.lproj/Main.storyboard; sourceTree = "<group>"; };
		EBA1C6231DD61A8B003CE27A /* Assets.xcassets */ = {isa = PBXFileReference; lastKnownFileType = folder.assetcatalog; path = Assets.xcassets; sourceTree = "<group>"; };
		EBA1C6261DD61A8B003CE27A /* Base */ = {isa = PBXFileReference; lastKnownFileType = file.storyboard; name = Base; path = Base.lproj/LaunchScreen.storyboard; sourceTree = "<group>"; };
		EBA1C6281DD61A8B003CE27A /* Info.plist */ = {isa = PBXFileReference; lastKnownFileType = text.plist.xml; path = Info.plist; sourceTree = "<group>"; };
		EBA1C62D1DD61A8B003CE27A /* FizzBuzzTestedTests.xctest */ = {isa = PBXFileReference; explicitFileType = wrapper.cfbundle; includeInIndex = 0; path = FizzBuzzTestedTests.xctest; sourceTree = BUILT_PRODUCTS_DIR; };
		EBA1C6331DD61A8B003CE27A /* Info.plist */ = {isa = PBXFileReference; lastKnownFileType = text.plist.xml; path = Info.plist; sourceTree = "<group>"; };
		EBA1C6381DD61A8B003CE27A /* FizzBuzzTestedUITests.xctest */ = {isa = PBXFileReference; explicitFileType = wrapper.cfbundle; includeInIndex = 0; path = FizzBuzzTestedUITests.xctest; sourceTree = BUILT_PRODUCTS_DIR; };
		EBA1C63E1DD61A8B003CE27A /* Info.plist */ = {isa = PBXFileReference; lastKnownFileType = text.plist.xml; path = Info.plist; sourceTree = "<group>"; };
		EBA1C64A1DD61BDE003CE27A /* FizzBuzzTest.swift */ = {isa = PBXFileReference; fileEncoding = 4; lastKnownFileType = sourcecode.swift; path = FizzBuzzTest.swift; sourceTree = "<group>"; };
		EBA1C64C1DD61E2F003CE27A /* FizzBuzz.swift */ = {isa = PBXFileReference; fileEncoding = 4; lastKnownFileType = sourcecode.swift; path = FizzBuzz.swift; sourceTree = "<group>"; };
/* End PBXFileReference section */

/* Begin PBXFrameworksBuildPhase section */
		EBA1C6161DD61A8B003CE27A /* Frameworks */ = {
			isa = PBXFrameworksBuildPhase;
			buildActionMask = 2147483647;
			files = (
			);
			runOnlyForDeploymentPostprocessing = 0;
		};
		EBA1C62A1DD61A8B003CE27A /* Frameworks */ = {
			isa = PBXFrameworksBuildPhase;
			buildActionMask = 2147483647;
			files = (
			);
			runOnlyForDeploymentPostprocessing = 0;
		};
		EBA1C6351DD61A8B003CE27A /* Frameworks */ = {
			isa = PBXFrameworksBuildPhase;
			buildActionMask = 2147483647;
			files = (
			);
			runOnlyForDeploymentPostprocessing = 0;
		};
/* End PBXFrameworksBuildPhase section */

/* Begin PBXGroup section */
		EBA1C6101DD61A8B003CE27A = {
			isa = PBXGroup;
			children = (
				EBA1C61B1DD61A8B003CE27A /* FizzBuzzTested */,
				EBA1C6301DD61A8B003CE27A /* FizzBuzzTestedTests */,
				EBA1C63B1DD61A8B003CE27A /* FizzBuzzTestedUITests */,
				EBA1C61A1DD61A8B003CE27A /* Products */,
			);
			sourceTree = "<group>";
		};
		EBA1C61A1DD61A8B003CE27A /* Products */ = {
			isa = PBXGroup;
			children = (
				EBA1C6191DD61A8B003CE27A /* FizzBuzzTested.app */,
				EBA1C62D1DD61A8B003CE27A /* FizzBuzzTestedTests.xctest */,
				EBA1C6381DD61A8B003CE27A /* FizzBuzzTestedUITests.xctest */,
			);
			name = Products;
			sourceTree = "<group>";
		};
		EBA1C61B1DD61A8B003CE27A /* FizzBuzzTested */ = {
			isa = PBXGroup;
			children = (
				EBA1C61C1DD61A8B003CE27A /* AppDelegate.swift */,
				EBA1C61E1DD61A8B003CE27A /* ViewController.swift */,
				EBA1C6201DD61A8B003CE27A /* Main.storyboard */,
				EBA1C6231DD61A8B003CE27A /* Assets.xcassets */,
				EBA1C6251DD61A8B003CE27A /* LaunchScreen.storyboard */,
				EBA1C6281DD61A8B003CE27A /* Info.plist */,
				EBA1C64C1DD61E2F003CE27A /* FizzBuzz.swift */,
				EB3F863E1DD6527900250FDA /* Game.swift */,
			);
			path = FizzBuzzTested;
			sourceTree = "<group>";
		};
		EBA1C6301DD61A8B003CE27A /* FizzBuzzTestedTests */ = {
			isa = PBXGroup;
			children = (
				EBA1C6331DD61A8B003CE27A /* Info.plist */,
				EBA1C64A1DD61BDE003CE27A /* FizzBuzzTest.swift */,
				EB3F863C1DD6518700250FDA /* GameTest.swift */,
			);
			path = FizzBuzzTestedTests;
			sourceTree = "<group>";
		};
		EBA1C63B1DD61A8B003CE27A /* FizzBuzzTestedUITests */ = {
			isa = PBXGroup;
			children = (
				EB3F86401DD68F3E00250FDA /* ViewControllerUnitTests.swift */,
				EBA1C63E1DD61A8B003CE27A /* Info.plist */,
			);
			path = FizzBuzzTestedUITests;
			sourceTree = "<group>";
		};
/* End PBXGroup section */

/* Begin PBXNativeTarget section */
		EBA1C6181DD61A8B003CE27A /* FizzBuzzTested */ = {
			isa = PBXNativeTarget;
			buildConfigurationList = EBA1C6411DD61A8B003CE27A /* Build configuration list for PBXNativeTarget "FizzBuzzTested" */;
			buildPhases = (
				EBA1C6151DD61A8B003CE27A /* Sources */,
				EBA1C6161DD61A8B003CE27A /* Frameworks */,
				EBA1C6171DD61A8B003CE27A /* Resources */,
			);
			buildRules = (
			);
			dependencies = (
			);
			name = FizzBuzzTested;
			productName = FizzBuzzTested;
			productReference = EBA1C6191DD61A8B003CE27A /* FizzBuzzTested.app */;
			productType = "com.apple.product-type.application";
		};
		EBA1C62C1DD61A8B003CE27A /* FizzBuzzTestedTests */ = {
			isa = PBXNativeTarget;
			buildConfigurationList = EBA1C6441DD61A8B003CE27A /* Build configuration list for PBXNativeTarget "FizzBuzzTestedTests" */;
			buildPhases = (
				EBA1C6291DD61A8B003CE27A /* Sources */,
				EBA1C62A1DD61A8B003CE27A /* Frameworks */,
				EBA1C62B1DD61A8B003CE27A /* Resources */,
			);
			buildRules = (
			);
			dependencies = (
				EBA1C62F1DD61A8B003CE27A /* PBXTargetDependency */,
			);
			name = FizzBuzzTestedTests;
			productName = FizzBuzzTestedTests;
			productReference = EBA1C62D1DD61A8B003CE27A /* FizzBuzzTestedTests.xctest */;
			productType = "com.apple.product-type.bundle.unit-test";
		};
		EBA1C6371DD61A8B003CE27A /* FizzBuzzTestedUITests */ = {
			isa = PBXNativeTarget;
			buildConfigurationList = EBA1C6471DD61A8B003CE27A /* Build configuration list for PBXNativeTarget "FizzBuzzTestedUITests" */;
			buildPhases = (
				EBA1C6341DD61A8B003CE27A /* Sources */,
				EBA1C6351DD61A8B003CE27A /* Frameworks */,
				EBA1C6361DD61A8B003CE27A /* Resources */,
			);
			buildRules = (
			);
			dependencies = (
				EBA1C63A1DD61A8B003CE27A /* PBXTargetDependency */,
			);
			name = FizzBuzzTestedUITests;
			productName = FizzBuzzTestedUITests;
			productReference = EBA1C6381DD61A8B003CE27A /* FizzBuzzTestedUITests.xctest */;
			productType = "com.apple.product-type.bundle.ui-testing";
		};
/* End PBXNativeTarget section */

/* Begin PBXProject section */
		EBA1C6111DD61A8B003CE27A /* Project object */ = {
			isa = PBXProject;
			attributes = {
				LastSwiftUpdateCheck = 0810;
				LastUpgradeCheck = 0810;
				ORGANIZATIONNAME = "kickinbahk Productions";
				TargetAttributes = {
					EBA1C6181DD61A8B003CE27A = {
						CreatedOnToolsVersion = 8.1;
						DevelopmentTeam = HPWA75Z78H;
						ProvisioningStyle = Automatic;
					};
					EBA1C62C1DD61A8B003CE27A = {
						CreatedOnToolsVersion = 8.1;
						DevelopmentTeam = HPWA75Z78H;
						LastSwiftMigration = 0810;
						ProvisioningStyle = Automatic;
						TestTargetID = EBA1C6181DD61A8B003CE27A;
					};
					EBA1C6371DD61A8B003CE27A = {
						CreatedOnToolsVersion = 8.1;
						DevelopmentTeam = HPWA75Z78H;
						ProvisioningStyle = Automatic;
						TestTargetID = EBA1C6181DD61A8B003CE27A;
					};
				};
			};
			buildConfigurationList = EBA1C6141DD61A8B003CE27A /* Build configuration list for PBXProject "FizzBuzzTested" */;
			compatibilityVersion = "Xcode 3.2";
			developmentRegion = English;
			hasScannedForEncodings = 0;
			knownRegions = (
				en,
				Base,
			);
			mainGroup = EBA1C6101DD61A8B003CE27A;
			productRefGroup = EBA1C61A1DD61A8B003CE27A /* Products */;
			projectDirPath = "";
			projectRoot = "";
			targets = (
				EBA1C6181DD61A8B003CE27A /* FizzBuzzTested */,
				EBA1C62C1DD61A8B003CE27A /* FizzBuzzTestedTests */,
				EBA1C6371DD61A8B003CE27A /* FizzBuzzTestedUITests */,
			);
		};
/* End PBXProject section */

/* Begin PBXResourcesBuildPhase section */
		EBA1C6171DD61A8B003CE27A /* Resources */ = {
			isa = PBXResourcesBuildPhase;
			buildActionMask = 2147483647;
			files = (
				EBA1C6271DD61A8B003CE27A /* LaunchScreen.storyboard in Resources */,
				EBA1C6241DD61A8B003CE27A /* Assets.xcassets in Resources */,
				EBA1C6221DD61A8B003CE27A /* Main.storyboard in Resources */,
			);
			runOnlyForDeploymentPostprocessing = 0;
		};
		EBA1C62B1DD61A8B003CE27A /* Resources */ = {
			isa = PBXResourcesBuildPhase;
			buildActionMask = 2147483647;
			files = (
			);
			runOnlyForDeploymentPostprocessing = 0;
		};
		EBA1C6361DD61A8B003CE27A /* Resources */ = {
			isa = PBXResourcesBuildPhase;
			buildActionMask = 2147483647;
			files = (
			);
			runOnlyForDeploymentPostprocessing = 0;
		};
/* End PBXResourcesBuildPhase section */

/* Begin PBXSourcesBuildPhase section */
		EBA1C6151DD61A8B003CE27A /* Sources */ = {
			isa = PBXSourcesBuildPhase;
			buildActionMask = 2147483647;
			files = (
				EBA1C61F1DD61A8B003CE27A /* ViewController.swift in Sources */,
				EBA1C64D1DD61E2F003CE27A /* FizzBuzz.swift in Sources */,
				EBA1C61D1DD61A8B003CE27A /* AppDelegate.swift in Sources */,
				EB3F863F1DD6527900250FDA /* Game.swift in Sources */,
			);
			runOnlyForDeploymentPostprocessing = 0;
		};
		EBA1C6291DD61A8B003CE27A /* Sources */ = {
			isa = PBXSourcesBuildPhase;
			buildActionMask = 2147483647;
			files = (
				EBA1C64B1DD61BDE003CE27A /* FizzBuzzTest.swift in Sources */,
				EB3F863D1DD6518700250FDA /* GameTest.swift in Sources */,
				EB3F86411DD68F3E00250FDA /* ViewControllerUnitTests.swift in Sources */,
			);
			runOnlyForDeploymentPostprocessing = 0;
		};
		EBA1C6341DD61A8B003CE27A /* Sources */ = {
			isa = PBXSourcesBuildPhase;
			buildActionMask = 2147483647;
			files = (
			);
			runOnlyForDeploymentPostprocessing = 0;
		};
/* End PBXSourcesBuildPhase section */

/* Begin PBXTargetDependency section */
		EBA1C62F1DD61A8B003CE27A /* PBXTargetDependency */ = {
			isa = PBXTargetDependency;
			target = EBA1C6181DD61A8B003CE27A /* FizzBuzzTested */;
			targetProxy = EBA1C62E1DD61A8B003CE27A /* PBXContainerItemProxy */;
		};
		EBA1C63A1DD61A8B003CE27A /* PBXTargetDependency */ = {
			isa = PBXTargetDependency;
			target = EBA1C6181DD61A8B003CE27A /* FizzBuzzTested */;
			targetProxy = EBA1C6391DD61A8B003CE27A /* PBXContainerItemProxy */;
		};
/* End PBXTargetDependency section */

/* Begin PBXVariantGroup section */
		EBA1C6201DD61A8B003CE27A /* Main.storyboard */ = {
			isa = PBXVariantGroup;
			children = (
				EBA1C6211DD61A8B003CE27A /* Base */,
			);
			name = Main.storyboard;
			sourceTree = "<group>";
		};
		EBA1C6251DD61A8B003CE27A /* LaunchScreen.storyboard */ = {
			isa = PBXVariantGroup;
			children = (
				EBA1C6261DD61A8B003CE27A /* Base */,
			);
			name = LaunchScreen.storyboard;
			sourceTree = "<group>";
		};
/* End PBXVariantGroup section */

/* Begin XCBuildConfiguration section */
		EBA1C63F1DD61A8B003CE27A /* Debug */ = {
			isa = XCBuildConfiguration;
			buildSettings = {
				ALWAYS_SEARCH_USER_PATHS = NO;
				CLANG_ANALYZER_NONNULL = YES;
				CLANG_CXX_LANGUAGE_STANDARD = "gnu++0x";
				CLANG_CXX_LIBRARY = "libc++";
				CLANG_ENABLE_MODULES = YES;
				CLANG_ENABLE_OBJC_ARC = YES;
				CLANG_WARN_BOOL_CONVERSION = YES;
				CLANG_WARN_CONSTANT_CONVERSION = YES;
				CLANG_WARN_DIRECT_OBJC_ISA_USAGE = YES_ERROR;
				CLANG_WARN_DOCUMENTATION_COMMENTS = YES;
				CLANG_WARN_EMPTY_BODY = YES;
				CLANG_WARN_ENUM_CONVERSION = YES;
				CLANG_WARN_INFINITE_RECURSION = YES;
				CLANG_WARN_INT_CONVERSION = YES;
				CLANG_WARN_OBJC_ROOT_CLASS = YES_ERROR;
				CLANG_WARN_SUSPICIOUS_MOVES = YES;
				CLANG_WARN_UNREACHABLE_CODE = YES;
				CLANG_WARN__DUPLICATE_METHOD_MATCH = YES;
				"CODE_SIGN_IDENTITY[sdk=iphoneos*]" = "iPhone Developer";
				COPY_PHASE_STRIP = NO;
				DEBUG_INFORMATION_FORMAT = dwarf;
				ENABLE_STRICT_OBJC_MSGSEND = YES;
				ENABLE_TESTABILITY = YES;
				GCC_C_LANGUAGE_STANDARD = gnu99;
				GCC_DYNAMIC_NO_PIC = NO;
				GCC_NO_COMMON_BLOCKS = YES;
				GCC_OPTIMIZATION_LEVEL = 0;
				GCC_PREPROCESSOR_DEFINITIONS = (
					"DEBUG=1",
					"$(inherited)",
				);
				GCC_WARN_64_TO_32_BIT_CONVERSION = YES;
				GCC_WARN_ABOUT_RETURN_TYPE = YES_ERROR;
				GCC_WARN_UNDECLARED_SELECTOR = YES;
				GCC_WARN_UNINITIALIZED_AUTOS = YES_AGGRESSIVE;
				GCC_WARN_UNUSED_FUNCTION = YES;
				GCC_WARN_UNUSED_VARIABLE = YES;
				IPHONEOS_DEPLOYMENT_TARGET = 10.1;
				MTL_ENABLE_DEBUG_INFO = YES;
				ONLY_ACTIVE_ARCH = YES;
				SDKROOT = iphoneos;
				SWIFT_ACTIVE_COMPILATION_CONDITIONS = DEBUG;
				SWIFT_OPTIMIZATION_LEVEL = "-Onone";
			};
			name = Debug;
		};
		EBA1C6401DD61A8B003CE27A /* Release */ = {
			isa = XCBuildConfiguration;
			buildSettings = {
				ALWAYS_SEARCH_USER_PATHS = NO;
				CLANG_ANALYZER_NONNULL = YES;
				CLANG_CXX_LANGUAGE_STANDARD = "gnu++0x";
				CLANG_CXX_LIBRARY = "libc++";
				CLANG_ENABLE_MODULES = YES;
				CLANG_ENABLE_OBJC_ARC = YES;
				CLANG_WARN_BOOL_CONVERSION = YES;
				CLANG_WARN_CONSTANT_CONVERSION = YES;
				CLANG_WARN_DIRECT_OBJC_ISA_USAGE = YES_ERROR;
				CLANG_WARN_DOCUMENTATION_COMMENTS = YES;
				CLANG_WARN_EMPTY_BODY = YES;
				CLANG_WARN_ENUM_CONVERSION = YES;
				CLANG_WARN_INFINITE_RECURSION = YES;
				CLANG_WARN_INT_CONVERSION = YES;
				CLANG_WARN_OBJC_ROOT_CLASS = YES_ERROR;
				CLANG_WARN_SUSPICIOUS_MOVES = YES;
				CLANG_WARN_UNREACHABLE_CODE = YES;
				CLANG_WARN__DUPLICATE_METHOD_MATCH = YES;
				"CODE_SIGN_IDENTITY[sdk=iphoneos*]" = "iPhone Developer";
				COPY_PHASE_STRIP = NO;
				DEBUG_INFORMATION_FORMAT = "dwarf-with-dsym";
				ENABLE_NS_ASSERTIONS = NO;
				ENABLE_STRICT_OBJC_MSGSEND = YES;
				GCC_C_LANGUAGE_STANDARD = gnu99;
				GCC_NO_COMMON_BLOCKS = YES;
				GCC_WARN_64_TO_32_BIT_CONVERSION = YES;
				GCC_WARN_ABOUT_RETURN_TYPE = YES_ERROR;
				GCC_WARN_UNDECLARED_SELECTOR = YES;
				GCC_WARN_UNINITIALIZED_AUTOS = YES_AGGRESSIVE;
				GCC_WARN_UNUSED_FUNCTION = YES;
				GCC_WARN_UNUSED_VARIABLE = YES;
				IPHONEOS_DEPLOYMENT_TARGET = 10.1;
				MTL_ENABLE_DEBUG_INFO = NO;
				SDKROOT = iphoneos;
				SWIFT_OPTIMIZATION_LEVEL = "-Owholemodule";
				VALIDATE_PRODUCT = YES;
			};
			name = Release;
		};
		EBA1C6421DD61A8B003CE27A /* Debug */ = {
			isa = XCBuildConfiguration;
			buildSettings = {
				ASSETCATALOG_COMPILER_APPICON_NAME = AppIcon;
				DEVELOPMENT_TEAM = HPWA75Z78H;
				INFOPLIST_FILE = FizzBuzzTested/Info.plist;
				LD_RUNPATH_SEARCH_PATHS = "$(inherited) @executable_path/Frameworks";
				PRODUCT_BUNDLE_IDENTIFIER = com.kickinbahkproductions.FizzBuzzTested;
				PRODUCT_NAME = "$(TARGET_NAME)";
				SWIFT_VERSION = 3.0;
			};
			name = Debug;
		};
		EBA1C6431DD61A8B003CE27A /* Release */ = {
			isa = XCBuildConfiguration;
			buildSettings = {
				ASSETCATALOG_COMPILER_APPICON_NAME = AppIcon;
				DEVELOPMENT_TEAM = HPWA75Z78H;
				INFOPLIST_FILE = FizzBuzzTested/Info.plist;
				LD_RUNPATH_SEARCH_PATHS = "$(inherited) @executable_path/Frameworks";
				PRODUCT_BUNDLE_IDENTIFIER = com.kickinbahkproductions.FizzBuzzTested;
				PRODUCT_NAME = "$(TARGET_NAME)";
				SWIFT_VERSION = 3.0;
			};
			name = Release;
		};
		EBA1C6451DD61A8B003CE27A /* Debug */ = {
			isa = XCBuildConfiguration;
			buildSettings = {
				ALWAYS_EMBED_SWIFT_STANDARD_LIBRARIES = YES;
				BUNDLE_LOADER = "$(TEST_HOST)";
				CLANG_ENABLE_MODULES = YES;
				DEVELOPMENT_TEAM = HPWA75Z78H;
				INFOPLIST_FILE = FizzBuzzTestedTests/Info.plist;
				LD_RUNPATH_SEARCH_PATHS = "$(inherited) @executable_path/Frameworks @loader_path/Frameworks";
				PRODUCT_BUNDLE_IDENTIFIER = com.kickinbahkproductions.FizzBuzzTestedTests;
				PRODUCT_NAME = "$(TARGET_NAME)";
				SWIFT_OPTIMIZATION_LEVEL = "-Onone";
				SWIFT_VERSION = 3.0;
				TEST_HOST = "$(BUILT_PRODUCTS_DIR)/FizzBuzzTested.app/FizzBuzzTested";
			};
			name = Debug;
		};
		EBA1C6461DD61A8B003CE27A /* Release */ = {
			isa = XCBuildConfiguration;
			buildSettings = {
				ALWAYS_EMBED_SWIFT_STANDARD_LIBRARIES = YES;
				BUNDLE_LOADER = "$(TEST_HOST)";
				CLANG_ENABLE_MODULES = YES;
				DEVELOPMENT_TEAM = HPWA75Z78H;
				INFOPLIST_FILE = FizzBuzzTestedTests/Info.plist;
				LD_RUNPATH_SEARCH_PATHS = "$(inherited) @executable_path/Frameworks @loader_path/Frameworks";
				PRODUCT_BUNDLE_IDENTIFIER = com.kickinbahkproductions.FizzBuzzTestedTests;
				PRODUCT_NAME = "$(TARGET_NAME)";
				SWIFT_VERSION = 3.0;
				TEST_HOST = "$(BUILT_PRODUCTS_DIR)/FizzBuzzTested.app/FizzBuzzTested";
			};
			name = Release;
		};
		EBA1C6481DD61A8B003CE27A /* Debug */ = {
			isa = XCBuildConfiguration;
			buildSettings = {
				ALWAYS_EMBED_SWIFT_STANDARD_LIBRARIES = YES;
				DEVELOPMENT_TEAM = HPWA75Z78H;
				INFOPLIST_FILE = FizzBuzzTestedUITests/Info.plist;
				LD_RUNPATH_SEARCH_PATHS = "$(inherited) @executable_path/Frameworks @loader_path/Frameworks";
				PRODUCT_BUNDLE_IDENTIFIER = com.kickinbahkproductions.FizzBuzzTestedUITests;
				PRODUCT_NAME = "$(TARGET_NAME)";
				SWIFT_VERSION = 3.0;
				TEST_TARGET_NAME = FizzBuzzTested;
			};
			name = Debug;
		};
		EBA1C6491DD61A8B003CE27A /* Release */ = {
			isa = XCBuildConfiguration;
			buildSettings = {
				ALWAYS_EMBED_SWIFT_STANDARD_LIBRARIES = YES;
				DEVELOPMENT_TEAM = HPWA75Z78H;
				INFOPLIST_FILE = FizzBuzzTestedUITests/Info.plist;
				LD_RUNPATH_SEARCH_PATHS = "$(inherited) @executable_path/Frameworks @loader_path/Frameworks";
				PRODUCT_BUNDLE_IDENTIFIER = com.kickinbahkproductions.FizzBuzzTestedUITests;
				PRODUCT_NAME = "$(TARGET_NAME)";
				SWIFT_VERSION = 3.0;
				TEST_TARGET_NAME = FizzBuzzTested;
			};
			name = Release;
		};
/* End XCBuildConfiguration section */

/* Begin XCConfigurationList section */
		EBA1C6141DD61A8B003CE27A /* Build configuration list for PBXProject "FizzBuzzTested" */ = {
			isa = XCConfigurationList;
			buildConfigurations = (
				EBA1C63F1DD61A8B003CE27A /* Debug */,
				EBA1C6401DD61A8B003CE27A /* Release */,
			);
			defaultConfigurationIsVisible = 0;
			defaultConfigurationName = Release;
		};
		EBA1C6411DD61A8B003CE27A /* Build configuration list for PBXNativeTarget "FizzBuzzTested" */ = {
			isa = XCConfigurationList;
			buildConfigurations = (
				EBA1C6421DD61A8B003CE27A /* Debug */,
				EBA1C6431DD61A8B003CE27A /* Release */,
			);
			defaultConfigurationIsVisible = 0;
			defaultConfigurationName = Release;
		};
		EBA1C6441DD61A8B003CE27A /* Build configuration list for PBXNativeTarget "FizzBuzzTestedTests" */ = {
			isa = XCConfigurationList;
			buildConfigurations = (
				EBA1C6451DD61A8B003CE27A /* Debug */,
				EBA1C6461DD61A8B003CE27A /* Release */,
			);
			defaultConfigurationIsVisible = 0;
			defaultConfigurationName = Release;
		};
		EBA1C6471DD61A8B003CE27A /* Build configuration list for PBXNativeTarget "FizzBuzzTestedUITests" */ = {
			isa = XCConfigurationList;
			buildConfigurations = (
				EBA1C6481DD61A8B003CE27A /* Debug */,
				EBA1C6491DD61A8B003CE27A /* Release */,
			);
			defaultConfigurationIsVisible = 0;
			defaultConfigurationName = Release;
		};
/* End XCConfigurationList section */
	};
	rootObject = EBA1C6111DD61A8B003CE27A /* Project object */;
}
